
Microsoft Visual Studio Solution File, Format Version 12.00
# Visual Studio Version 17
VisualStudioVersion = 17.6.33801.468
MinimumVisualStudioVersion = 10.0.40219.1
Project("{FAE04EC0-301F-11D3-BF4B-00C04F79EFBC}") = "ExceptionHandle_Demo", "ExceptionHandle_Demo.csproj", "{4D2663C5-5FBA-432F-91D2-CAB763DE426B}"
EndProject
Global
	GlobalSection(SolutionConfigurationPlatforms) = preSolution
		Debug|Any CPU = Debug|Any CPU
		Release|Any CPU = Release|Any CPU
	EndGlobalSection
	GlobalSection(ProjectConfigurationPlatforms) = postSolution
		{4D2663C5-5FBA-432F-91D2-CAB763DE426B}.Debug|Any CPU.ActiveCfg = Debug|Any CPU
		{4D2663C5-5FBA-432F-91D2-CAB763DE426B}.Debug|Any CPU.Build.0 = Debug|Any CPU
		{4D2663C5-5FBA-432F-91D2-CAB763DE426B}.Release|Any CPU.ActiveCfg = Release|Any CPU
		{4D2663C5-5FBA-432F-91D2-CAB763DE426B}.Release|Any CPU.Build.0 = Release|Any CPU
	EndGlobalSection
	GlobalSection(SolutionProperties) = preSolution
		HideSolutionNode = FALSE
	EndGlobalSection
	GlobalSection(ExtensibilityGlobals) = postSolution
		SolutionGuid = {F444A310-27FE-4D73-A70C-4CE38E017C9A}
	EndGlobalSection
EndGlobal
